<?xml version="1.0" encoding="UTF-8"?>
<CONFIG>
  <ProjectOptions>
    <Version Value="12"/>
    <General>
      <Flags>
        <MainUnitHasTitleStatement Value="False"/>
      </Flags>
      <Title Value="TyControls Button Example"/>
      <Scaled Value="True"/>
      <UseXPManifest Value="True"/>
    </General>
    <BuildModes Active="Default">
      <Item Name="Default" Default="True"/>
    </BuildModes>
    <PublishOptions>
      <Version Value="2"/>
    </PublishOptions>
    <RunParams>
      <FormatVersion Value="2"/>
    </RunParams>
    <RequiredPackages>
      <Item>
        <PackageName Value="tycontrols_dt"/>
      </Item>
      <Item>
        <PackageName Value="LCL"/>
      </Item>
      <Item>
        <PackageName Value="tycontrols"/>
      </Item>
    </RequiredPackages>
    <Units>
      <Unit>
        <Filename Value="button_example.lpr"/>
        <IsPartOfProject Value="True"/>
        <UsageCount Value="25"/>
      </Unit>
      <Unit>
        <Filename Value="umain.pas"/>
        <IsPartOfProject Value="True"/>
        <ComponentName Value="MainForm"/>
        <HasResources Value="True"/>
        <ResourceBaseClass Value="Form"/>
        <IsVisibleTab Value="True"/>
        <TopLine Value="7"/>
        <CursorPos X="26" Y="25"/>
        <UsageCount Value="25"/>
        <Loaded Value="True"/>
        <LoadedDesigner Value="True"/>
      </Unit>
      <Unit>
        <Filename Value="../../source/tyControls.FormSurface.pas"/>
        <EditorIndex Value="-1"/>
        <TopLine Value="25"/>
        <CursorPos X="17" Y="36"/>
        <UsageCount Value="10"/>
      </Unit>
    </Units>
    <JumpHistory HistoryIndex="5">
      <Position>
        <Filename Value="umain.pas"/>
      </Position>
      <Position>
        <Filename Value="umain.pas"/>
        <Caret Line="25" Column="26" TopLine="7"/>
      </Position>
      <Position>
        <Filename Value="umain.pas"/>
        <Caret Line="26" Column="26" TopLine="7"/>
      </Position>
      <Position>
        <Filename Value="umain.pas"/>
        <Caret Line="25" Column="26" TopLine="7"/>
      </Position>
      <Position>
        <Filename Value="umain.pas"/>
        <Caret Line="26" Column="26" TopLine="7"/>
      </Position>
      <Position>
        <Filename Value="umain.pas"/>
        <Caret Line="25" Column="26" TopLine="7"/>
      </Position>
    </JumpHistory>
  </ProjectOptions>
  <CompilerOptions>
    <Version Value="11"/>
    <SearchPaths>
      <OtherUnitFiles Value=".;../../source"/>
      <UnitOutputDirectory Value="lib/$(TargetCPU)-$(TargetOS)"/>
    </SearchPaths>
    <Linking>
      <Debugging>
        <DebugInfoType Value="dsDwarf3"/>
      </Debugging>
      <Options>
        <Win32>
          <GraphicApplication Value="True"/>
        </Win32>
      </Options>
    </Linking>
  </CompilerOptions>
</CONFIG>
