<?xml version="1.0" encoding="UTF-8"?>
<CONFIG>
  <ProjectOptions>
    <Version Value="12"/>
    <General>
      <Flags>
        <MainUnitHasTitleStatement Value="False"/>
      </Flags>
      <Title Value="TyControls Demo"/>
    </General>
    <BuildModes Active="Default">
      <Item Name="Default" Default="True"/>
    </BuildModes>
    <PublishOptions>
      <Version Value="2"/>
    </PublishOptions>
    <RunParams>
      <FormatVersion Value="2"/>
    </RunParams>
    <RequiredPackages>
      <Item>
        <PackageName Value="LCL"/>
      </Item>
      <Item>
        <PackageName Value="tycontrols"/>
      </Item>
    </RequiredPackages>
    <Units>
      <Unit>
        <Filename Value="demo.lpr"/>
        <UsageCount Value="17"/>
      </Unit>
      <Unit>
        <Filename Value="mainform.pas"/>
        <ComponentName Value="DemoMainForm"/>
        <HasResources Value="True"/>
        <ResourceBaseClass Value="Form"/>
        <IsVisibleTab Value="True"/>
        <UsageCount Value="36"/>
        <Loaded Value="True"/>
        <LoadedDesigner Value="True"/>
      </Unit>
      <Unit>
        <Filename Value="chromeform.pas"/>
        <ComponentName Value="ChromeForm"/>
        <ResourceBaseClass Value="Form"/>
        <UsageCount Value="17"/>
      </Unit>
      <Unit>
        <Filename Value="../../source/tyControls.Menu.pas"/>
        <EditorIndex Value="-1"/>
        <TopLine Value="1024"/>
        <CursorPos X="3" Y="1046"/>
        <UsageCount Value="20"/>
      </Unit>
    </Units>
    <JumpHistory HistoryIndex="1">
      <Position>
        <Filename Value="mainform.pas"/>
      </Position>
      <Position>
        <Filename Value="mainform.pas"/>
      </Position>
    </JumpHistory>
  </ProjectOptions>
  <CompilerOptions>
    <Version Value="11"/>
    <SearchPaths>
      <OtherUnitFiles Value=".;../../source"/>
      <UnitOutputDirectory Value="lib/$(TargetCPU)-$(TargetOS)"/>
    </SearchPaths>
    <Linking>
      <Debugging>
        <DebugInfoType Value="dsDwarf3"/>
      </Debugging>
    </Linking>
  </CompilerOptions>
</CONFIG>
