<?xml version="1.0" encoding="UTF-8"?>
<CONFIG>
  <ProjectOptions>
    <Version Value="12"/>
    <General>
      <Flags>
        <MainUnitHasCreateFormStatements Value="True"/>
        <MainUnitHasTitleStatement Value="False"/>
      </Flags>
      <Title Value="TyControls Demo"/>
    </General>
    <BuildModes Count="1">
      <Item1 Name="Default" Default="True"/>
    </BuildModes>
    <RequiredPackages Count="2">
      <Item1><PackageName Value="LCL"/></Item1>
      <Item2><PackageName Value="tycontrols"/></Item2>
    </RequiredPackages>
    <Units Count="3">
      <Unit0>
        <Filename Value="demo.lpr"/>
        <IsPartOfProject Value="True"/>
      </Unit0>
      <Unit1>
        <Filename Value="mainform.pas"/>
        <IsPartOfProject Value="True"/>
        <ComponentName Value="DemoMainForm"/>
        <ResourceBaseClass Value="Form"/>
        <UnitName Value="mainform"/>
      </Unit1>
      <Unit2>
          <Filename Value="chromeform.pas"/>
          <IsPartOfProject Value="True"/>
          <ComponentName Value="ChromeForm"/>
          <ResourceBaseClass Value="Form"/>
          <UnitName Value="chromeform"/>
        </Unit2>
    </Units>
  </ProjectOptions>
  <CompilerOptions>
    <Version Value="11"/>
    <SearchPaths>
      <OtherUnitFiles Value=".;../../source"/>
      <UnitOutputDirectory Value="lib/$(TargetCPU)-$(TargetOS)"/>
    </SearchPaths>
    <SyntaxOptions>
      <SyntaxMode Value="ObjFPC"/>
    </SyntaxOptions>
  </CompilerOptions>
</CONFIG>
