<?xml version="1.0" encoding="UTF-8"?>
<CONFIG>
  <ProjectOptions>
    <Version Value="12"/>
    <General>
      <Flags>
        <MainUnitHasTitleStatement Value="False"/>
      </Flags>
      <Title Value="TyControls Demo"/>
      <Scaled Value="True"/>
      <UseXPManifest Value="True"/>
      <Icon Value="0"/>
    </General>
    <i18n>
      <EnableI18N Value="True"/>
      <OutDir Value="languages"/>
    </i18n>
    <BuildModes Active="Default">
      <Item Name="Default" Default="True"/>
    </BuildModes>
    <PublishOptions>
      <Version Value="2"/>
    </PublishOptions>
    <RunParams>
      <FormatVersion Value="2"/>
    </RunParams>
    <RequiredPackages>
      <Item>
        <PackageName Value="LCL"/>
      </Item>
      <Item>
        <PackageName Value="tycontrols"/>
      </Item>
    </RequiredPackages>
    <Units>
      <Unit>
        <Filename Value="demo.lpr"/>
        <UsageCount Value="6"/>
      </Unit>
      <Unit>
        <Filename Value="mainform.pas"/>
        <ComponentName Value="DemoMainForm"/>
        <HasResources Value="True"/>
        <ResourceBaseClass Value="Form"/>
        <IsVisibleTab Value="True"/>
        <TopLine Value="189"/>
        <CursorPos X="33" Y="214"/>
        <UsageCount Value="92"/>
        <Loaded Value="True"/>
        <LoadedDesigner Value="True"/>
      </Unit>
      <Unit>
        <Filename Value="chromeform.pas"/>
        <ComponentName Value="ChromeForm"/>
        <ResourceBaseClass Value="Form"/>
        <UsageCount Value="6"/>
      </Unit>
      <Unit>
        <Filename Value="../../source/tyControls.Menu.pas"/>
        <EditorIndex Value="-1"/>
        <TopLine Value="1024"/>
        <CursorPos X="3" Y="1046"/>
        <UsageCount Value="9"/>
      </Unit>
    </Units>
    <JumpHistory HistoryIndex="29">
      <Position>
        <Filename Value="mainform.pas"/>
        <Caret Line="205" Column="33" TopLine="180"/>
      </Position>
      <Position>
        <Filename Value="mainform.pas"/>
        <Caret Line="204" Column="33" TopLine="179"/>
      </Position>
      <Position>
        <Filename Value="mainform.pas"/>
        <Caret Line="203" Column="33" TopLine="178"/>
      </Position>
      <Position>
        <Filename Value="mainform.pas"/>
        <Caret Line="202" Column="33" TopLine="177"/>
      </Position>
      <Position>
        <Filename Value="mainform.pas"/>
        <Caret Line="201" Column="33" TopLine="176"/>
      </Position>
      <Position>
        <Filename Value="mainform.pas"/>
        <Caret Line="200" Column="33" TopLine="175"/>
      </Position>
      <Position>
        <Filename Value="mainform.pas"/>
        <Caret Line="199" Column="33" TopLine="174"/>
      </Position>
      <Position>
        <Filename Value="mainform.pas"/>
        <Caret Line="198" Column="33" TopLine="173"/>
      </Position>
      <Position>
        <Filename Value="mainform.pas"/>
        <Caret Line="197" Column="33" TopLine="172"/>
      </Position>
      <Position>
        <Filename Value="mainform.pas"/>
        <Caret Line="196" Column="33" TopLine="171"/>
      </Position>
      <Position>
        <Filename Value="mainform.pas"/>
        <Caret Line="195" Column="33" TopLine="170"/>
      </Position>
      <Position>
        <Filename Value="mainform.pas"/>
        <Caret Line="194" Column="33" TopLine="169"/>
      </Position>
      <Position>
        <Filename Value="mainform.pas"/>
        <Caret Line="193" Column="33" TopLine="168"/>
      </Position>
      <Position>
        <Filename Value="mainform.pas"/>
        <Caret Line="192" Column="33" TopLine="167"/>
      </Position>
      <Position>
        <Filename Value="mainform.pas"/>
        <Caret Line="191" Column="33" TopLine="166"/>
      </Position>
      <Position>
        <Filename Value="mainform.pas"/>
        <Caret Line="190" Column="33" TopLine="165"/>
      </Position>
      <Position>
        <Filename Value="mainform.pas"/>
        <Caret Line="189" Column="33" TopLine="164"/>
      </Position>
      <Position>
        <Filename Value="mainform.pas"/>
        <Caret Line="188" Column="33" TopLine="163"/>
      </Position>
      <Position>
        <Filename Value="mainform.pas"/>
        <Caret Line="187" Column="33" TopLine="162"/>
      </Position>
      <Position>
        <Filename Value="mainform.pas"/>
        <Caret Line="186" Column="33" TopLine="161"/>
      </Position>
      <Position>
        <Filename Value="mainform.pas"/>
        <Caret Line="185" Column="33" TopLine="160"/>
      </Position>
      <Position>
        <Filename Value="mainform.pas"/>
        <Caret Line="184" Column="33" TopLine="159"/>
      </Position>
      <Position>
        <Filename Value="mainform.pas"/>
        <Caret Line="214" Column="33" TopLine="189"/>
      </Position>
      <Position>
        <Filename Value="mainform.pas"/>
        <Caret Line="213" Column="33" TopLine="188"/>
      </Position>
      <Position>
        <Filename Value="mainform.pas"/>
        <Caret Line="214" Column="33" TopLine="189"/>
      </Position>
      <Position>
        <Filename Value="mainform.pas"/>
        <Caret Line="215" Column="33" TopLine="190"/>
      </Position>
      <Position>
        <Filename Value="mainform.pas"/>
        <Caret Line="214" Column="33" TopLine="189"/>
      </Position>
      <Position>
        <Filename Value="mainform.pas"/>
        <Caret Line="215" Column="33" TopLine="190"/>
      </Position>
      <Position>
        <Filename Value="mainform.pas"/>
        <Caret Line="214" Column="33" TopLine="189"/>
      </Position>
      <Position>
        <Filename Value="mainform.pas"/>
        <Caret Line="213" Column="33" TopLine="188"/>
      </Position>
    </JumpHistory>
  </ProjectOptions>
  <CompilerOptions>
    <Version Value="11"/>
    <SearchPaths>
      <IncludeFiles Value="$(ProjOutDir)"/>
      <OtherUnitFiles Value=".;../../source"/>
      <UnitOutputDirectory Value="lib/$(TargetCPU)-$(TargetOS)"/>
    </SearchPaths>
    <Linking>
      <Debugging>
        <DebugInfoType Value="dsDwarf3"/>
      </Debugging>
      <Options>
        <Win32>
          <GraphicApplication Value="True"/>
        </Win32>
      </Options>
    </Linking>
  </CompilerOptions>
</CONFIG>
