<?xml version="1.0" encoding="UTF-8"?>
<CONFIG>
  <ProjectOptions>
    <Version Value="12"/>
    <General>
      <Flags>
        <MainUnitHasTitleStatement Value="False"/>
      </Flags>
      <Title Value="TyControls Pro Example"/>
      <Scaled Value="True"/>
      <UseXPManifest Value="True"/>
      <XPManifest>
        <DpiAware Value="True/PM_V2"/>
      </XPManifest>
    </General>
    <i18n>
      <EnableI18N Value="True"/>
      <OutDir Value="languages"/>
    </i18n>
    <BuildModes Active="Default">
      <Item Name="Default" Default="True"/>
    </BuildModes>
    <PublishOptions>
      <Version Value="2"/>
    </PublishOptions>
    <RunParams>
      <FormatVersion Value="2"/>
    </RunParams>
    <RequiredPackages>
      <Item>
        <PackageName Value="tycontrols_dt"/>
      </Item>
      <Item>
        <PackageName Value="LCL"/>
      </Item>
      <Item>
        <PackageName Value="tycontrols"/>
      </Item>
    </RequiredPackages>
    <Units>
      <Unit>
        <Filename Value="antdesign_pro.lpr"/>
        <IsPartOfProject Value="True"/>
        <EditorIndex Value="-1"/>
        <CursorPos Y="15"/>
        <UsageCount Value="25"/>
      </Unit>
      <Unit>
        <Filename Value="umain.pas"/>
        <IsPartOfProject Value="True"/>
        <ComponentName Value="MainForm"/>
        <HasResources Value="True"/>
        <ResourceBaseClass Value="Form"/>
        <CursorPos X="64" Y="26"/>
        <UsageCount Value="25"/>
        <Loaded Value="True"/>
        <LoadedDesigner Value="True"/>
      </Unit>
      <Unit>
        <Filename Value="../../source/tyControls.ListGroupPanel.pas"/>
        <EditorIndex Value="-1"/>
        <TopLine Value="705"/>
        <CursorPos X="21" Y="720"/>
        <UsageCount Value="11"/>
      </Unit>
      <Unit>
        <Filename Value="../../designtime/tyControls.Design.pas"/>
        <IsVisibleTab Value="True"/>
        <EditorIndex Value="1"/>
        <TopLine Value="473"/>
        <CursorPos X="42" Y="501"/>
        <UsageCount Value="10"/>
        <Loaded Value="True"/>
      </Unit>
    </Units>
    <JumpHistory HistoryIndex="4">
      <Position>
        <Filename Value="umain.pas"/>
      </Position>
      <Position>
        <Filename Value="umain.pas"/>
        <Caret Line="26" Column="64"/>
      </Position>
      <Position>
        <Filename Value="../../designtime/tyControls.Design.pas"/>
        <Caret Line="498" Column="36" TopLine="473"/>
      </Position>
      <Position>
        <Filename Value="../../designtime/tyControls.Design.pas"/>
        <Caret Line="499" Column="45" TopLine="473"/>
      </Position>
      <Position>
        <Filename Value="../../designtime/tyControls.Design.pas"/>
        <Caret Line="498" Column="36" TopLine="473"/>
      </Position>
    </JumpHistory>
  </ProjectOptions>
  <CompilerOptions>
    <Version Value="11"/>
    <SearchPaths>
      <OtherUnitFiles Value=".;../../source"/>
      <UnitOutputDirectory Value="lib/$(TargetCPU)-$(TargetOS)"/>
    </SearchPaths>
    <Linking>
      <Debugging>
        <DebugInfoType Value="dsDwarf3"/>
      </Debugging>
      <Options>
        <Win32>
          <GraphicApplication Value="True"/>
        </Win32>
      </Options>
    </Linking>
  </CompilerOptions>
</CONFIG>
